
Microsoft Visual Studio Solution File, Format Version 12.00
# Visual Studio Version 17
VisualStudioVersion = 17.11.35222.181
MinimumVisualStudioVersion = 10.0.40219.1
Project("{FAE04EC0-301F-11D3-BF4B-00C04F79EFBC}") = "MyEAD", "MyEAD.csproj", "{32282ABE-A3C2-4966-BB62-D58CF14A081F}"
EndProject
Global
	GlobalSection(SolutionConfigurationPlatforms) = preSolution
		Debug|Any CPU = Debug|Any CPU
		Release|Any CPU = Release|Any CPU
	EndGlobalSection
	GlobalSection(ProjectConfigurationPlatforms) = postSolution
		{32282ABE-A3C2-4966-BB62-D58CF14A081F}.Debug|Any CPU.ActiveCfg = Debug|Any CPU
		{32282ABE-A3C2-4966-BB62-D58CF14A081F}.Debug|Any CPU.Build.0 = Debug|Any CPU
		{32282ABE-A3C2-4966-BB62-D58CF14A081F}.Release|Any CPU.ActiveCfg = Release|Any CPU
		{32282ABE-A3C2-4966-BB62-D58CF14A081F}.Release|Any CPU.Build.0 = Release|Any CPU
	EndGlobalSection
	GlobalSection(SolutionProperties) = preSolution
		HideSolutionNode = FALSE
	EndGlobalSection
	GlobalSection(ExtensibilityGlobals) = postSolution
		SolutionGuid = {29500D4B-02C5-4B3B-97A8-A8EF3B5022E5}
	EndGlobalSection
EndGlobal
